
Microsoft Visual Studio Solution File, Format Version 12.00
# Visual Studio Version 17
VisualStudioVersion = 17.2.32516.85
MinimumVisualStudioVersion = 10.0.40219.1
Project("{2150E333-8FDC-42A3-9474-1A3956D46DE8}") = "Services", "Services", "{868F88B1-C54E-4585-8B4B-D1647775D7BA}"
EndProject
Project("{2150E333-8FDC-42A3-9474-1A3956D46DE8}") = "Catalog", "Catalog", "{23538F22-9EC6-4633-84B2-698E0CC35968}"
EndProject
Project("{9A19103F-16F7-4668-BE54-9A1E7A4F7556}") = "Catalog.API", "Services\Catalog\Catalog.API\Catalog.API.csproj", "{DE73E7B2-042B-46DE-8D55-1C808BAD0503}"
EndProject
Project("{E53339B2-1760-4266-BCC7-CA923CBCF16C}") = "docker-compose", "docker-compose.dcproj", "{FBFD95BF-FC08-49C1-917B-E243B2B82011}"
EndProject
Project("{2150E333-8FDC-42A3-9474-1A3956D46DE8}") = "Basket", "Basket", "{B9726F62-2E0E-4E14-B9E2-39C14CEE8A60}"
EndProject
Project("{9A19103F-16F7-4668-BE54-9A1E7A4F7556}") = "Basket.API", "Services\Basket\Basket.API\Basket.API.csproj", "{9449304F-1F73-4EB7-8FDA-9979440B0FB3}"
EndProject
Project("{2150E333-8FDC-42A3-9474-1A3956D46DE8}") = "Discount", "Discount", "{38846954-FC8A-4118-ABCC-1EE9C2876D69}"
EndProject
Project("{9A19103F-16F7-4668-BE54-9A1E7A4F7556}") = "Discount.API", "Services\Discount\Discount.API\Discount.API.csproj", "{0A68C024-3928-42C6-9FFB-541CC1A3DF2E}"
EndProject
Global
	GlobalSection(SolutionConfigurationPlatforms) = preSolution
		Debug|Any CPU = Debug|Any CPU
		Debug|x64 = Debug|x64
		Release|Any CPU = Release|Any CPU
		Release|x64 = Release|x64
	EndGlobalSection
	GlobalSection(ProjectConfigurationPlatforms) = postSolution
		{DE73E7B2-042B-46DE-8D55-1C808BAD0503}.Debug|Any CPU.ActiveCfg = Debug|Any CPU
		{DE73E7B2-042B-46DE-8D55-1C808BAD0503}.Debug|Any CPU.Build.0 = Debug|Any CPU
		{DE73E7B2-042B-46DE-8D55-1C808BAD0503}.Debug|x64.ActiveCfg = Debug|Any CPU
		{DE73E7B2-042B-46DE-8D55-1C808BAD0503}.Debug|x64.Build.0 = Debug|Any CPU
		{DE73E7B2-042B-46DE-8D55-1C808BAD0503}.Release|Any CPU.ActiveCfg = Release|Any CPU
		{DE73E7B2-042B-46DE-8D55-1C808BAD0503}.Release|Any CPU.Build.0 = Release|Any CPU
		{DE73E7B2-042B-46DE-8D55-1C808BAD0503}.Release|x64.ActiveCfg = Release|Any CPU
		{DE73E7B2-042B-46DE-8D55-1C808BAD0503}.Release|x64.Build.0 = Release|Any CPU
		{FBFD95BF-FC08-49C1-917B-E243B2B82011}.Debug|Any CPU.ActiveCfg = Debug|Any CPU
		{FBFD95BF-FC08-49C1-917B-E243B2B82011}.Debug|Any CPU.Build.0 = Debug|Any CPU
		{FBFD95BF-FC08-49C1-917B-E243B2B82011}.Debug|x64.ActiveCfg = Debug|Any CPU
		{FBFD95BF-FC08-49C1-917B-E243B2B82011}.Debug|x64.Build.0 = Debug|Any CPU
		{FBFD95BF-FC08-49C1-917B-E243B2B82011}.Release|Any CPU.ActiveCfg = Release|Any CPU
		{FBFD95BF-FC08-49C1-917B-E243B2B82011}.Release|Any CPU.Build.0 = Release|Any CPU
		{FBFD95BF-FC08-49C1-917B-E243B2B82011}.Release|x64.ActiveCfg = Release|Any CPU
		{FBFD95BF-FC08-49C1-917B-E243B2B82011}.Release|x64.Build.0 = Release|Any CPU
		{9449304F-1F73-4EB7-8FDA-9979440B0FB3}.Debug|Any CPU.ActiveCfg = Debug|Any CPU
		{9449304F-1F73-4EB7-8FDA-9979440B0FB3}.Debug|Any CPU.Build.0 = Debug|Any CPU
		{9449304F-1F73-4EB7-8FDA-9979440B0FB3}.Debug|x64.ActiveCfg = Debug|Any CPU
		{9449304F-1F73-4EB7-8FDA-9979440B0FB3}.Debug|x64.Build.0 = Debug|Any CPU
		{9449304F-1F73-4EB7-8FDA-9979440B0FB3}.Release|Any CPU.ActiveCfg = Release|Any CPU
		{9449304F-1F73-4EB7-8FDA-9979440B0FB3}.Release|Any CPU.Build.0 = Release|Any CPU
		{9449304F-1F73-4EB7-8FDA-9979440B0FB3}.Release|x64.ActiveCfg = Release|Any CPU
		{9449304F-1F73-4EB7-8FDA-9979440B0FB3}.Release|x64.Build.0 = Release|Any CPU
		{0A68C024-3928-42C6-9FFB-541CC1A3DF2E}.Debug|Any CPU.ActiveCfg = Debug|Any CPU
		{0A68C024-3928-42C6-9FFB-541CC1A3DF2E}.Debug|Any CPU.Build.0 = Debug|Any CPU
		{0A68C024-3928-42C6-9FFB-541CC1A3DF2E}.Debug|x64.ActiveCfg = Debug|Any CPU
		{0A68C024-3928-42C6-9FFB-541CC1A3DF2E}.Debug|x64.Build.0 = Debug|Any CPU
		{0A68C024-3928-42C6-9FFB-541CC1A3DF2E}.Release|Any CPU.ActiveCfg = Release|Any CPU
		{0A68C024-3928-42C6-9FFB-541CC1A3DF2E}.Release|Any CPU.Build.0 = Release|Any CPU
		{0A68C024-3928-42C6-9FFB-541CC1A3DF2E}.Release|x64.ActiveCfg = Release|Any CPU
		{0A68C024-3928-42C6-9FFB-541CC1A3DF2E}.Release|x64.Build.0 = Release|Any CPU
	EndGlobalSection
	GlobalSection(SolutionProperties) = preSolution
		HideSolutionNode = FALSE
	EndGlobalSection
	GlobalSection(NestedProjects) = preSolution
		{23538F22-9EC6-4633-84B2-698E0CC35968} = {868F88B1-C54E-4585-8B4B-D1647775D7BA}
		{DE73E7B2-042B-46DE-8D55-1C808BAD0503} = {23538F22-9EC6-4633-84B2-698E0CC35968}
		{B9726F62-2E0E-4E14-B9E2-39C14CEE8A60} = {868F88B1-C54E-4585-8B4B-D1647775D7BA}
		{9449304F-1F73-4EB7-8FDA-9979440B0FB3} = {B9726F62-2E0E-4E14-B9E2-39C14CEE8A60}
		{38846954-FC8A-4118-ABCC-1EE9C2876D69} = {868F88B1-C54E-4585-8B4B-D1647775D7BA}
		{0A68C024-3928-42C6-9FFB-541CC1A3DF2E} = {38846954-FC8A-4118-ABCC-1EE9C2876D69}
	EndGlobalSection
	GlobalSection(ExtensibilityGlobals) = postSolution
		SolutionGuid = {92C98471-8D8F-46BB-96E4-05C520206E04}
	EndGlobalSection
EndGlobal
