
Microsoft Visual Studio Solution File, Format Version 12.00
# Visual Studio Version 17
VisualStudioVersion = 17.2.32516.85
MinimumVisualStudioVersion = 10.0.40219.1
Project("{2150E333-8FDC-42A3-9474-1A3956D46DE8}") = "Services", "Services", "{868F88B1-C54E-4585-8B4B-D1647775D7BA}"
EndProject
Project("{2150E333-8FDC-42A3-9474-1A3956D46DE8}") = "Catalog", "Catalog", "{23538F22-9EC6-4633-84B2-698E0CC35968}"
EndProject
Project("{FAE04EC0-301F-11D3-BF4B-00C04F79EFBC}") = "Catalog.API", "Services\Catalog\Catalog.API\Catalog.API.csproj", "{DE73E7B2-042B-46DE-8D55-1C808BAD0503}"
EndProject
Global
	GlobalSection(SolutionConfigurationPlatforms) = preSolution
		Debug|Any CPU = Debug|Any CPU
		Release|Any CPU = Release|Any CPU
	EndGlobalSection
	GlobalSection(ProjectConfigurationPlatforms) = postSolution
		{DE73E7B2-042B-46DE-8D55-1C808BAD0503}.Debug|Any CPU.ActiveCfg = Debug|Any CPU
		{DE73E7B2-042B-46DE-8D55-1C808BAD0503}.Debug|Any CPU.Build.0 = Debug|Any CPU
		{DE73E7B2-042B-46DE-8D55-1C808BAD0503}.Release|Any CPU.ActiveCfg = Release|Any CPU
		{DE73E7B2-042B-46DE-8D55-1C808BAD0503}.Release|Any CPU.Build.0 = Release|Any CPU
	EndGlobalSection
	GlobalSection(SolutionProperties) = preSolution
		HideSolutionNode = FALSE
	EndGlobalSection
	GlobalSection(NestedProjects) = preSolution
		{23538F22-9EC6-4633-84B2-698E0CC35968} = {868F88B1-C54E-4585-8B4B-D1647775D7BA}
		{DE73E7B2-042B-46DE-8D55-1C808BAD0503} = {23538F22-9EC6-4633-84B2-698E0CC35968}
	EndGlobalSection
	GlobalSection(ExtensibilityGlobals) = postSolution
		SolutionGuid = {92C98471-8D8F-46BB-96E4-05C520206E04}
	EndGlobalSection
EndGlobal
